
Microsoft Visual Studio Solution File, Format Version 12.00
# Visual Studio Version 17
VisualStudioVersion = 17.9.34728.123
MinimumVisualStudioVersion = 10.0.40219.1
Project("{2150E333-8FDC-42A3-9474-1A3956D46DE8}") = "src", "src", "{C50E11D2-6618-4A94-B060-0DFBA16C6594}"
EndProject
Project("{2150E333-8FDC-42A3-9474-1A3956D46DE8}") = "test", "test", "{2C58DEBF-5CDC-411C-B7FD-C0A8C4B590BD}"
EndProject
Project("{9A19103F-16F7-4668-BE54-9A1E7A4F7556}") = "ACMESchool.Api", "src\ACMESchool.Api\ACMESchool.Api.csproj", "{165E67D8-53AA-4847-9296-7022B59C81D5}"
EndProject
Project("{9A19103F-16F7-4668-BE54-9A1E7A4F7556}") = "ACMESchool.Libraries", "src\ACMESchool.Libraries\ACMESchool.Libraries.csproj", "{98A8983D-E6D5-44AF-B1B4-5B91A83AB292}"
EndProject
Project("{9A19103F-16F7-4668-BE54-9A1E7A4F7556}") = "TestSchoolACME", "test\TestSchoolACME\TestSchoolACME.csproj", "{131B92BF-55A7-4024-A2A0-832CDBCF981F}"
EndProject
Global
	GlobalSection(SolutionConfigurationPlatforms) = preSolution
		Debug|Any CPU = Debug|Any CPU
		Release|Any CPU = Release|Any CPU
	EndGlobalSection
	GlobalSection(ProjectConfigurationPlatforms) = postSolution
		{165E67D8-53AA-4847-9296-7022B59C81D5}.Debug|Any CPU.ActiveCfg = Debug|Any CPU
		{165E67D8-53AA-4847-9296-7022B59C81D5}.Debug|Any CPU.Build.0 = Debug|Any CPU
		{165E67D8-53AA-4847-9296-7022B59C81D5}.Release|Any CPU.ActiveCfg = Release|Any CPU
		{165E67D8-53AA-4847-9296-7022B59C81D5}.Release|Any CPU.Build.0 = Release|Any CPU
		{98A8983D-E6D5-44AF-B1B4-5B91A83AB292}.Debug|Any CPU.ActiveCfg = Debug|Any CPU
		{98A8983D-E6D5-44AF-B1B4-5B91A83AB292}.Debug|Any CPU.Build.0 = Debug|Any CPU
		{98A8983D-E6D5-44AF-B1B4-5B91A83AB292}.Release|Any CPU.ActiveCfg = Release|Any CPU
		{98A8983D-E6D5-44AF-B1B4-5B91A83AB292}.Release|Any CPU.Build.0 = Release|Any CPU
		{131B92BF-55A7-4024-A2A0-832CDBCF981F}.Debug|Any CPU.ActiveCfg = Debug|Any CPU
		{131B92BF-55A7-4024-A2A0-832CDBCF981F}.Debug|Any CPU.Build.0 = Debug|Any CPU
		{131B92BF-55A7-4024-A2A0-832CDBCF981F}.Release|Any CPU.ActiveCfg = Release|Any CPU
		{131B92BF-55A7-4024-A2A0-832CDBCF981F}.Release|Any CPU.Build.0 = Release|Any CPU
	EndGlobalSection
	GlobalSection(SolutionProperties) = preSolution
		HideSolutionNode = FALSE
	EndGlobalSection
	GlobalSection(NestedProjects) = preSolution
		{165E67D8-53AA-4847-9296-7022B59C81D5} = {C50E11D2-6618-4A94-B060-0DFBA16C6594}
		{98A8983D-E6D5-44AF-B1B4-5B91A83AB292} = {C50E11D2-6618-4A94-B060-0DFBA16C6594}
		{131B92BF-55A7-4024-A2A0-832CDBCF981F} = {2C58DEBF-5CDC-411C-B7FD-C0A8C4B590BD}
	EndGlobalSection
	GlobalSection(ExtensibilityGlobals) = postSolution
		SolutionGuid = {C1048DF2-D5E0-4E56-AEA7-65F3D1BDCF44}
	EndGlobalSection
EndGlobal
